// !$*UTF8*$!
{
	archiveVersion = 1;
	classes = {
	};
	objectVersion = 50;
	objects = {

/* Begin PBXBuildFile section */
		1B63237721985DDA00901465 /* AppDelegate.swift in Sources */ = {isa = PBXBuildFile; fileRef = 1B63237621985DDA00901465 /* AppDelegate.swift */; };
		1B63237921985DDA00901465 /* GameScene.sks in Resources */ = {isa = PBXBuildFile; fileRef = 1B63237821985DDA00901465 /* GameScene.sks */; };
		1B63237B21985DDA00901465 /* Actions.sks in Resources */ = {isa = PBXBuildFile; fileRef = 1B63237A21985DDA00901465 /* Actions.sks */; };
		1B63237D21985DDA00901465 /* GameScene.swift in Sources */ = {isa = PBXBuildFile; fileRef = 1B63237C21985DDA00901465 /* GameScene.swift */; };
		1B63237F21985DDA00901465 /* GameViewController.swift in Sources */ = {isa = PBXBuildFile; fileRef = 1B63237E21985DDA00901465 /* GameViewController.swift */; };
		1B63238221985DDA00901465 /* Main.storyboard in Resources */ = {isa = PBXBuildFile; fileRef = 1B63238021985DDA00901465 /* Main.storyboard */; };
		1B63238421985DDB00901465 /* Assets.xcassets in Resources */ = {isa = PBXBuildFile; fileRef = 1B63238321985DDB00901465 /* Assets.xcassets */; };
		1B63238721985DDB00901465 /* LaunchScreen.storyboard in Resources */ = {isa = PBXBuildFile; fileRef = 1B63238521985DDB00901465 /* LaunchScreen.storyboard */; };
		1B63239221985DDB00901465 /* GameSpriteKitTests.swift in Sources */ = {isa = PBXBuildFile; fileRef = 1B63239121985DDB00901465 /* GameSpriteKitTests.swift */; };
		1B63239D21985DDB00901465 /* GameSpriteKitUITests.swift in Sources */ = {isa = PBXBuildFile; fileRef = 1B63239C21985DDB00901465 /* GameSpriteKitUITests.swift */; };
/* End PBXBuildFile section */

/* Begin PBXContainerItemProxy section */
		1B63238E21985DDB00901465 /* PBXContainerItemProxy */ = {
			isa = PBXContainerItemProxy;
			containerPortal = 1B63236B21985DDA00901465 /* Project object */;
			proxyType = 1;
			remoteGlobalIDString = 1B63237221985DDA00901465;
			remoteInfo = GameSpriteKit;
		};
		1B63239921985DDB00901465 /* PBXContainerItemProxy */ = {
			isa = PBXContainerItemProxy;
			containerPortal = 1B63236B21985DDA00901465 /* Project object */;
			proxyType = 1;
			remoteGlobalIDString = 1B63237221985DDA00901465;
			remoteInfo = GameSpriteKit;
		};
/* End PBXContainerItemProxy section */

/* Begin PBXFileReference section */
		1B63237321985DDA00901465 /* GameSpriteKit.app */ = {isa = PBXFileReference; explicitFileType = wrapper.application; includeInIndex = 0; path = GameSpriteKit.app; sourceTree = BUILT_PRODUCTS_DIR; };
		1B63237621985DDA00901465 /* AppDelegate.swift */ = {isa = PBXFileReference; lastKnownFileType = sourcecode.swift; path = AppDelegate.swift; sourceTree = "<group>"; };
		1B63237821985DDA00901465 /* GameScene.sks */ = {isa = PBXFileReference; lastKnownFileType = file.sks; path = GameScene.sks; sourceTree = "<group>"; };
		1B63237A21985DDA00901465 /* Actions.sks */ = {isa = PBXFileReference; lastKnownFileType = file.sks; path = Actions.sks; sourceTree = "<group>"; };
		1B63237C21985DDA00901465 /* GameScene.swift */ = {isa = PBXFileReference; lastKnownFileType = sourcecode.swift; path = GameScene.swift; sourceTree = "<group>"; };
		1B63237E21985DDA00901465 /* GameViewController.swift */ = {isa = PBXFileReference; lastKnownFileType = sourcecode.swift; path = GameViewController.swift; sourceTree = "<group>"; };
		1B63238121985DDA00901465 /* Base */ = {isa = PBXFileReference; lastKnownFileType = file.storyboard; name = Base; path = Base.lproj/Main.storyboard; sourceTree = "<group>"; };
		1B63238321985DDB00901465 /* Assets.xcassets */ = {isa = PBXFileReference; lastKnownFileType = folder.assetcatalog; path = Assets.xcassets; sourceTree = "<group>"; };
		1B63238621985DDB00901465 /* Base */ = {isa = PBXFileReference; lastKnownFileType = file.storyboard; name = Base; path = Base.lproj/LaunchScreen.storyboard; sourceTree = "<group>"; };
		1B63238821985DDB00901465 /* Info.plist */ = {isa = PBXFileReference; lastKnownFileType = text.plist.xml; path = Info.plist; sourceTree = "<group>"; };
		1B63238D21985DDB00901465 /* GameSpriteKitTests.xctest */ = {isa = PBXFileReference; explicitFileType = wrapper.cfbundle; includeInIndex = 0; path = GameSpriteKitTests.xctest; sourceTree = BUILT_PRODUCTS_DIR; };
		1B63239121985DDB00901465 /* GameSpriteKitTests.swift */ = {isa = PBXFileReference; lastKnownFileType = sourcecode.swift; path = GameSpriteKitTests.swift; sourceTree = "<group>"; };
		1B63239321985DDB00901465 /* Info.plist */ = {isa = PBXFileReference; lastKnownFileType = text.plist.xml; path = Info.plist; sourceTree = "<group>"; };
		1B63239821985DDB00901465 /* GameSpriteKitUITests.xctest */ = {isa = PBXFileReference; explicitFileType = wrapper.cfbundle; includeInIndex = 0; path = GameSpriteKitUITests.xctest; sourceTree = BUILT_PRODUCTS_DIR; };
		1B63239C21985DDB00901465 /* GameSpriteKitUITests.swift */ = {isa = PBXFileReference; lastKnownFileType = sourcecode.swift; path = GameSpriteKitUITests.swift; sourceTree = "<group>"; };
		1B63239E21985DDB00901465 /* Info.plist */ = {isa = PBXFileReference; lastKnownFileType = text.plist.xml; path = Info.plist; sourceTree = "<group>"; };
/* End PBXFileReference section */

/* Begin PBXFrameworksBuildPhase section */
		1B63237021985DDA00901465 /* Frameworks */ = {
			isa = PBXFrameworksBuildPhase;
			buildActionMask = 2147483647;
			files = (
			);
			runOnlyForDeploymentPostprocessing = 0;
		};
		1B63238A21985DDB00901465 /* Frameworks */ = {
			isa = PBXFrameworksBuildPhase;
			buildActionMask = 2147483647;
			files = (
			);
			runOnlyForDeploymentPostprocessing = 0;
		};
		1B63239521985DDB00901465 /* Frameworks */ = {
			isa = PBXFrameworksBuildPhase;
			buildActionMask = 2147483647;
			files = (
			);
			runOnlyForDeploymentPostprocessing = 0;
		};
/* End PBXFrameworksBuildPhase section */

/* Begin PBXGroup section */
		1B63236A21985DDA00901465 = {
			isa = PBXGroup;
			children = (
				1B63237521985DDA00901465 /* GameSpriteKit */,
				1B63239021985DDB00901465 /* GameSpriteKitTests */,
				1B63239B21985DDB00901465 /* GameSpriteKitUITests */,
				1B63237421985DDA00901465 /* Products */,
			);
			sourceTree = "<group>";
		};
		1B63237421985DDA00901465 /* Products */ = {
			isa = PBXGroup;
			children = (
				1B63237321985DDA00901465 /* GameSpriteKit.app */,
				1B63238D21985DDB00901465 /* GameSpriteKitTests.xctest */,
				1B63239821985DDB00901465 /* GameSpriteKitUITests.xctest */,
			);
			name = Products;
			sourceTree = "<group>";
		};
		1B63237521985DDA00901465 /* GameSpriteKit */ = {
			isa = PBXGroup;
			children = (
				1B63237621985DDA00901465 /* AppDelegate.swift */,
				1B63237821985DDA00901465 /* GameScene.sks */,
				1B63237A21985DDA00901465 /* Actions.sks */,
				1B63237C21985DDA00901465 /* GameScene.swift */,
				1B63237E21985DDA00901465 /* GameViewController.swift */,
				1B63238021985DDA00901465 /* Main.storyboard */,
				1B63238321985DDB00901465 /* Assets.xcassets */,
				1B63238521985DDB00901465 /* LaunchScreen.storyboard */,
				1B63238821985DDB00901465 /* Info.plist */,
			);
			path = GameSpriteKit;
			sourceTree = "<group>";
		};
		1B63239021985DDB00901465 /* GameSpriteKitTests */ = {
			isa = PBXGroup;
			children = (
				1B63239121985DDB00901465 /* GameSpriteKitTests.swift */,
				1B63239321985DDB00901465 /* Info.plist */,
			);
			path = GameSpriteKitTests;
			sourceTree = "<group>";
		};
		1B63239B21985DDB00901465 /* GameSpriteKitUITests */ = {
			isa = PBXGroup;
			children = (
				1B63239C21985DDB00901465 /* GameSpriteKitUITests.swift */,
				1B63239E21985DDB00901465 /* Info.plist */,
			);
			path = GameSpriteKitUITests;
			sourceTree = "<group>";
		};
/* End PBXGroup section */

/* Begin PBXNativeTarget section */
		1B63237221985DDA00901465 /* GameSpriteKit */ = {
			isa = PBXNativeTarget;
			buildConfigurationList = 1B6323A121985DDB00901465 /* Build configuration list for PBXNativeTarget "GameSpriteKit" */;
			buildPhases = (
				1B63236F21985DDA00901465 /* Sources */,
				1B63237021985DDA00901465 /* Frameworks */,
				1B63237121985DDA00901465 /* Resources */,
			);
			buildRules = (
			);
			dependencies = (
			);
			name = GameSpriteKit;
			productName = GameSpriteKit;
			productReference = 1B63237321985DDA00901465 /* GameSpriteKit.app */;
			productType = "com.apple.product-type.application";
		};
		1B63238C21985DDB00901465 /* GameSpriteKitTests */ = {
			isa = PBXNativeTarget;
			buildConfigurationList = 1B6323A421985DDB00901465 /* Build configuration list for PBXNativeTarget "GameSpriteKitTests" */;
			buildPhases = (
				1B63238921985DDB00901465 /* Sources */,
				1B63238A21985DDB00901465 /* Frameworks */,
				1B63238B21985DDB00901465 /* Resources */,
			);
			buildRules = (
			);
			dependencies = (
				1B63238F21985DDB00901465 /* PBXTargetDependency */,
			);
			name = GameSpriteKitTests;
			productName = GameSpriteKitTests;
			productReference = 1B63238D21985DDB00901465 /* GameSpriteKitTests.xctest */;
			productType = "com.apple.product-type.bundle.unit-test";
		};
		1B63239721985DDB00901465 /* GameSpriteKitUITests */ = {
			isa = PBXNativeTarget;
			buildConfigurationList = 1B6323A721985DDB00901465 /* Build configuration list for PBXNativeTarget "GameSpriteKitUITests" */;
			buildPhases = (
				1B63239421985DDB00901465 /* Sources */,
				1B63239521985DDB00901465 /* Frameworks */,
				1B63239621985DDB00901465 /* Resources */,
			);
			buildRules = (
			);
			dependencies = (
				1B63239A21985DDB00901465 /* PBXTargetDependency */,
			);
			name = GameSpriteKitUITests;
			productName = GameSpriteKitUITests;
			productReference = 1B63239821985DDB00901465 /* GameSpriteKitUITests.xctest */;
			productType = "com.apple.product-type.bundle.ui-testing";
		};
/* End PBXNativeTarget section */

/* Begin PBXProject section */
		1B63236B21985DDA00901465 /* Project object */ = {
			isa = PBXProject;
			attributes = {
				LastSwiftUpdateCheck = 0940;
				LastUpgradeCheck = 0940;
				ORGANIZATIONNAME = "Flávio Silvério";
				TargetAttributes = {
					1B63237221985DDA00901465 = {
						CreatedOnToolsVersion = 9.4.1;
					};
					1B63238C21985DDB00901465 = {
						CreatedOnToolsVersion = 9.4.1;
						TestTargetID = 1B63237221985DDA00901465;
					};
					1B63239721985DDB00901465 = {
						CreatedOnToolsVersion = 9.4.1;
						TestTargetID = 1B63237221985DDA00901465;
					};
				};
			};
			buildConfigurationList = 1B63236E21985DDA00901465 /* Build configuration list for PBXProject "GameSpriteKit" */;
			compatibilityVersion = "Xcode 9.3";
			developmentRegion = en;
			hasScannedForEncodings = 0;
			knownRegions = (
				en,
				Base,
			);
			mainGroup = 1B63236A21985DDA00901465;
			productRefGroup = 1B63237421985DDA00901465 /* Products */;
			projectDirPath = "";
			projectRoot = "";
			targets = (
				1B63237221985DDA00901465 /* GameSpriteKit */,
				1B63238C21985DDB00901465 /* GameSpriteKitTests */,
				1B63239721985DDB00901465 /* GameSpriteKitUITests */,
			);
		};
/* End PBXProject section */

/* Begin PBXResourcesBuildPhase section */
		1B63237121985DDA00901465 /* Resources */ = {
			isa = PBXResourcesBuildPhase;
			buildActionMask = 2147483647;
			files = (
				1B63238221985DDA00901465 /* Main.storyboard in Resources */,
				1B63237921985DDA00901465 /* GameScene.sks in Resources */,
				1B63238421985DDB00901465 /* Assets.xcassets in Resources */,
				1B63238721985DDB00901465 /* LaunchScreen.storyboard in Resources */,
				1B63237B21985DDA00901465 /* Actions.sks in Resources */,
			);
			runOnlyForDeploymentPostprocessing = 0;
		};
		1B63238B21985DDB00901465 /* Resources */ = {
			isa = PBXResourcesBuildPhase;
			buildActionMask = 2147483647;
			files = (
			);
			runOnlyForDeploymentPostprocessing = 0;
		};
		1B63239621985DDB00901465 /* Resources */ = {
			isa = PBXResourcesBuildPhase;
			buildActionMask = 2147483647;
			files = (
			);
			runOnlyForDeploymentPostprocessing = 0;
		};
/* End PBXResourcesBuildPhase section */

/* Begin PBXSourcesBuildPhase section */
		1B63236F21985DDA00901465 /* Sources */ = {
			isa = PBXSourcesBuildPhase;
			buildActionMask = 2147483647;
			files = (
				1B63237D21985DDA00901465 /* GameScene.swift in Sources */,
				1B63237F21985DDA00901465 /* GameViewController.swift in Sources */,
				1B63237721985DDA00901465 /* AppDelegate.swift in Sources */,
			);
			runOnlyForDeploymentPostprocessing = 0;
		};
		1B63238921985DDB00901465 /* Sources */ = {
			isa = PBXSourcesBuildPhase;
			buildActionMask = 2147483647;
			files = (
				1B63239221985DDB00901465 /* GameSpriteKitTests.swift in Sources */,
			);
			runOnlyForDeploymentPostprocessing = 0;
		};
		1B63239421985DDB00901465 /* Sources */ = {
			isa = PBXSourcesBuildPhase;
			buildActionMask = 2147483647;
			files = (
				1B63239D21985DDB00901465 /* GameSpriteKitUITests.swift in Sources */,
			);
			runOnlyForDeploymentPostprocessing = 0;
		};
/* End PBXSourcesBuildPhase section */

/* Begin PBXTargetDependency section */
		1B63238F21985DDB00901465 /* PBXTargetDependency */ = {
			isa = PBXTargetDependency;
			target = 1B63237221985DDA00901465 /* GameSpriteKit */;
			targetProxy = 1B63238E21985DDB00901465 /* PBXContainerItemProxy */;
		};
		1B63239A21985DDB00901465 /* PBXTargetDependency */ = {
			isa = PBXTargetDependency;
			target = 1B63237221985DDA00901465 /* GameSpriteKit */;
			targetProxy = 1B63239921985DDB00901465 /* PBXContainerItemProxy */;
		};
/* End PBXTargetDependency section */

/* Begin PBXVariantGroup section */
		1B63238021985DDA00901465 /* Main.storyboard */ = {
			isa = PBXVariantGroup;
			children = (
				1B63238121985DDA00901465 /* Base */,
			);
			name = Main.storyboard;
			sourceTree = "<group>";
		};
		1B63238521985DDB00901465 /* LaunchScreen.storyboard */ = {
			isa = PBXVariantGroup;
			children = (
				1B63238621985DDB00901465 /* Base */,
			);
			name = LaunchScreen.storyboard;
			sourceTree = "<group>";
		};
/* End PBXVariantGroup section */

/* Begin XCBuildConfiguration section */
		1B63239F21985DDB00901465 /* Debug */ = {
			isa = XCBuildConfiguration;
			buildSettings = {
				ALWAYS_SEARCH_USER_PATHS = NO;
				CLANG_ANALYZER_NONNULL = YES;
				CLANG_ANALYZER_NUMBER_OBJECT_CONVERSION = YES_AGGRESSIVE;
				CLANG_CXX_LANGUAGE_STANDARD = "gnu++14";
				CLANG_CXX_LIBRARY = "libc++";
				CLANG_ENABLE_MODULES = YES;
				CLANG_ENABLE_OBJC_ARC = YES;
				CLANG_ENABLE_OBJC_WEAK = YES;
				CLANG_WARN_BLOCK_CAPTURE_AUTORELEASING = YES;
				CLANG_WARN_BOOL_CONVERSION = YES;
				CLANG_WARN_COMMA = YES;
				CLANG_WARN_CONSTANT_CONVERSION = YES;
				CLANG_WARN_DEPRECATED_OBJC_IMPLEMENTATIONS = YES;
				CLANG_WARN_DIRECT_OBJC_ISA_USAGE = YES_ERROR;
				CLANG_WARN_DOCUMENTATION_COMMENTS = YES;
				CLANG_WARN_EMPTY_BODY = YES;
				CLANG_WARN_ENUM_CONVERSION = YES;
				CLANG_WARN_INFINITE_RECURSION = YES;
				CLANG_WARN_INT_CONVERSION = YES;
				CLANG_WARN_NON_LITERAL_NULL_CONVERSION = YES;
				CLANG_WARN_OBJC_IMPLICIT_RETAIN_SELF = YES;
				CLANG_WARN_OBJC_LITERAL_CONVERSION = YES;
				CLANG_WARN_OBJC_ROOT_CLASS = YES_ERROR;
				CLANG_WARN_RANGE_LOOP_ANALYSIS = YES;
				CLANG_WARN_STRICT_PROTOTYPES = YES;
				CLANG_WARN_SUSPICIOUS_MOVE = YES;
				CLANG_WARN_UNGUARDED_AVAILABILITY = YES_AGGRESSIVE;
				CLANG_WARN_UNREACHABLE_CODE = YES;
				CLANG_WARN__DUPLICATE_METHOD_MATCH = YES;
				CODE_SIGN_IDENTITY = "iPhone Developer";
				COPY_PHASE_STRIP = NO;
				DEBUG_INFORMATION_FORMAT = dwarf;
				ENABLE_STRICT_OBJC_MSGSEND = YES;
				ENABLE_TESTABILITY = YES;
				GCC_C_LANGUAGE_STANDARD = gnu11;
				GCC_DYNAMIC_NO_PIC = NO;
				GCC_NO_COMMON_BLOCKS = YES;
				GCC_OPTIMIZATION_LEVEL = 0;
				GCC_PREPROCESSOR_DEFINITIONS = (
					"DEBUG=1",
					"$(inherited)",
				);
				GCC_WARN_64_TO_32_BIT_CONVERSION = YES;
				GCC_WARN_ABOUT_RETURN_TYPE = YES_ERROR;
				GCC_WARN_UNDECLARED_SELECTOR = YES;
				GCC_WARN_UNINITIALIZED_AUTOS = YES_AGGRESSIVE;
				GCC_WARN_UNUSED_FUNCTION = YES;
				GCC_WARN_UNUSED_VARIABLE = YES;
				IPHONEOS_DEPLOYMENT_TARGET = 11.4;
				MTL_ENABLE_DEBUG_INFO = YES;
				ONLY_ACTIVE_ARCH = YES;
				SDKROOT = iphoneos;
				SWIFT_ACTIVE_COMPILATION_CONDITIONS = DEBUG;
				SWIFT_OPTIMIZATION_LEVEL = "-Onone";
			};
			name = Debug;
		};
		1B6323A021985DDB00901465 /* Release */ = {
			isa = XCBuildConfiguration;
			buildSettings = {
				ALWAYS_SEARCH_USER_PATHS = NO;
				CLANG_ANALYZER_NONNULL = YES;
				CLANG_ANALYZER_NUMBER_OBJECT_CONVERSION = YES_AGGRESSIVE;
				CLANG_CXX_LANGUAGE_STANDARD = "gnu++14";
				CLANG_CXX_LIBRARY = "libc++";
				CLANG_ENABLE_MODULES = YES;
				CLANG_ENABLE_OBJC_ARC = YES;
				CLANG_ENABLE_OBJC_WEAK = YES;
				CLANG_WARN_BLOCK_CAPTURE_AUTORELEASING = YES;
				CLANG_WARN_BOOL_CONVERSION = YES;
				CLANG_WARN_COMMA = YES;
				CLANG_WARN_CONSTANT_CONVERSION = YES;
				CLANG_WARN_DEPRECATED_OBJC_IMPLEMENTATIONS = YES;
				CLANG_WARN_DIRECT_OBJC_ISA_USAGE = YES_ERROR;
				CLANG_WARN_DOCUMENTATION_COMMENTS = YES;
				CLANG_WARN_EMPTY_BODY = YES;
				CLANG_WARN_ENUM_CONVERSION = YES;
				CLANG_WARN_INFINITE_RECURSION = YES;
				CLANG_WARN_INT_CONVERSION = YES;
				CLANG_WARN_NON_LITERAL_NULL_CONVERSION = YES;
				CLANG_WARN_OBJC_IMPLICIT_RETAIN_SELF = YES;
				CLANG_WARN_OBJC_LITERAL_CONVERSION = YES;
				CLANG_WARN_OBJC_ROOT_CLASS = YES_ERROR;
				CLANG_WARN_RANGE_LOOP_ANALYSIS = YES;
				CLANG_WARN_STRICT_PROTOTYPES = YES;
				CLANG_WARN_SUSPICIOUS_MOVE = YES;
				CLANG_WARN_UNGUARDED_AVAILABILITY = YES_AGGRESSIVE;
				CLANG_WARN_UNREACHABLE_CODE = YES;
				CLANG_WARN__DUPLICATE_METHOD_MATCH = YES;
				CODE_SIGN_IDENTITY = "iPhone Developer";
				COPY_PHASE_STRIP = NO;
				DEBUG_INFORMATION_FORMAT = "dwarf-with-dsym";
				ENABLE_NS_ASSERTIONS = NO;
				ENABLE_STRICT_OBJC_MSGSEND = YES;
				GCC_C_LANGUAGE_STANDARD = gnu11;
				GCC_NO_COMMON_BLOCKS = YES;
				GCC_WARN_64_TO_32_BIT_CONVERSION = YES;
				GCC_WARN_ABOUT_RETURN_TYPE = YES_ERROR;
				GCC_WARN_UNDECLARED_SELECTOR = YES;
				GCC_WARN_UNINITIALIZED_AUTOS = YES_AGGRESSIVE;
				GCC_WARN_UNUSED_FUNCTION = YES;
				GCC_WARN_UNUSED_VARIABLE = YES;
				IPHONEOS_DEPLOYMENT_TARGET = 11.4;
				MTL_ENABLE_DEBUG_INFO = NO;
				SDKROOT = iphoneos;
				SWIFT_COMPILATION_MODE = wholemodule;
				SWIFT_OPTIMIZATION_LEVEL = "-O";
				VALIDATE_PRODUCT = YES;
			};
			name = Release;
		};
		1B6323A221985DDB00901465 /* Debug */ = {
			isa = XCBuildConfiguration;
			buildSettings = {
				ASSETCATALOG_COMPILER_APPICON_NAME = AppIcon;
				CODE_SIGN_STYLE = Automatic;
				DEVELOPMENT_TEAM = 4TU97ESE9C;
				INFOPLIST_FILE = GameSpriteKit/Info.plist;
				LD_RUNPATH_SEARCH_PATHS = (
					"$(inherited)",
					"@executable_path/Frameworks",
				);
				PRODUCT_BUNDLE_IDENTIFIER = silverio.flavio.GameSpriteKit;
				PRODUCT_NAME = "$(TARGET_NAME)";
				SWIFT_VERSION = 4.0;
				TARGETED_DEVICE_FAMILY = "1,2";
			};
			name = Debug;
		};
		1B6323A321985DDB00901465 /* Release */ = {
			isa = XCBuildConfiguration;
			buildSettings = {
				ASSETCATALOG_COMPILER_APPICON_NAME = AppIcon;
				CODE_SIGN_STYLE = Automatic;
				DEVELOPMENT_TEAM = 4TU97ESE9C;
				INFOPLIST_FILE = GameSpriteKit/Info.plist;
				LD_RUNPATH_SEARCH_PATHS = (
					"$(inherited)",
					"@executable_path/Frameworks",
				);
				PRODUCT_BUNDLE_IDENTIFIER = silverio.flavio.GameSpriteKit;
				PRODUCT_NAME = "$(TARGET_NAME)";
				SWIFT_VERSION = 4.0;
				TARGETED_DEVICE_FAMILY = "1,2";
			};
			name = Release;
		};
		1B6323A521985DDB00901465 /* Debug */ = {
			isa = XCBuildConfiguration;
			buildSettings = {
				ALWAYS_EMBED_SWIFT_STANDARD_LIBRARIES = YES;
				BUNDLE_LOADER = "$(TEST_HOST)";
				CODE_SIGN_STYLE = Automatic;
				DEVELOPMENT_TEAM = 4TU97ESE9C;
				INFOPLIST_FILE = GameSpriteKitTests/Info.plist;
				LD_RUNPATH_SEARCH_PATHS = (
					"$(inherited)",
					"@executable_path/Frameworks",
					"@loader_path/Frameworks",
				);
				PRODUCT_BUNDLE_IDENTIFIER = silverio.flavio.GameSpriteKitTests;
				PRODUCT_NAME = "$(TARGET_NAME)";
				SWIFT_VERSION = 4.0;
				TARGETED_DEVICE_FAMILY = "1,2";
				TEST_HOST = "$(BUILT_PRODUCTS_DIR)/GameSpriteKit.app/GameSpriteKit";
			};
			name = Debug;
		};
		1B6323A621985DDB00901465 /* Release */ = {
			isa = XCBuildConfiguration;
			buildSettings = {
				ALWAYS_EMBED_SWIFT_STANDARD_LIBRARIES = YES;
				BUNDLE_LOADER = "$(TEST_HOST)";
				CODE_SIGN_STYLE = Automatic;
				DEVELOPMENT_TEAM = 4TU97ESE9C;
				INFOPLIST_FILE = GameSpriteKitTests/Info.plist;
				LD_RUNPATH_SEARCH_PATHS = (
					"$(inherited)",
					"@executable_path/Frameworks",
					"@loader_path/Frameworks",
				);
				PRODUCT_BUNDLE_IDENTIFIER = silverio.flavio.GameSpriteKitTests;
				PRODUCT_NAME = "$(TARGET_NAME)";
				SWIFT_VERSION = 4.0;
				TARGETED_DEVICE_FAMILY = "1,2";
				TEST_HOST = "$(BUILT_PRODUCTS_DIR)/GameSpriteKit.app/GameSpriteKit";
			};
			name = Release;
		};
		1B6323A821985DDB00901465 /* Debug */ = {
			isa = XCBuildConfiguration;
			buildSettings = {
				ALWAYS_EMBED_SWIFT_STANDARD_LIBRARIES = YES;
				CODE_SIGN_STYLE = Automatic;
				DEVELOPMENT_TEAM = 4TU97ESE9C;
				INFOPLIST_FILE = GameSpriteKitUITests/Info.plist;
				LD_RUNPATH_SEARCH_PATHS = (
					"$(inherited)",
					"@executable_path/Frameworks",
					"@loader_path/Frameworks",
				);
				PRODUCT_BUNDLE_IDENTIFIER = silverio.flavio.GameSpriteKitUITests;
				PRODUCT_NAME = "$(TARGET_NAME)";
				SWIFT_VERSION = 4.0;
				TARGETED_DEVICE_FAMILY = "1,2";
				TEST_TARGET_NAME = GameSpriteKit;
			};
			name = Debug;
		};
		1B6323A921985DDB00901465 /* Release */ = {
			isa = XCBuildConfiguration;
			buildSettings = {
				ALWAYS_EMBED_SWIFT_STANDARD_LIBRARIES = YES;
				CODE_SIGN_STYLE = Automatic;
				DEVELOPMENT_TEAM = 4TU97ESE9C;
				INFOPLIST_FILE = GameSpriteKitUITests/Info.plist;
				LD_RUNPATH_SEARCH_PATHS = (
					"$(inherited)",
					"@executable_path/Frameworks",
					"@loader_path/Frameworks",
				);
				PRODUCT_BUNDLE_IDENTIFIER = silverio.flavio.GameSpriteKitUITests;
				PRODUCT_NAME = "$(TARGET_NAME)";
				SWIFT_VERSION = 4.0;
				TARGETED_DEVICE_FAMILY = "1,2";
				TEST_TARGET_NAME = GameSpriteKit;
			};
			name = Release;
		};
/* End XCBuildConfiguration section */

/* Begin XCConfigurationList section */
		1B63236E21985DDA00901465 /* Build configuration list for PBXProject "GameSpriteKit" */ = {
			isa = XCConfigurationList;
			buildConfigurations = (
				1B63239F21985DDB00901465 /* Debug */,
				1B6323A021985DDB00901465 /* Release */,
			);
			defaultConfigurationIsVisible = 0;
			defaultConfigurationName = Release;
		};
		1B6323A121985DDB00901465 /* Build configuration list for PBXNativeTarget "GameSpriteKit" */ = {
			isa = XCConfigurationList;
			buildConfigurations = (
				1B6323A221985DDB00901465 /* Debug */,
				1B6323A321985DDB00901465 /* Release */,
			);
			defaultConfigurationIsVisible = 0;
			defaultConfigurationName = Release;
		};
		1B6323A421985DDB00901465 /* Build configuration list for PBXNativeTarget "GameSpriteKitTests" */ = {
			isa = XCConfigurationList;
			buildConfigurations = (
				1B6323A521985DDB00901465 /* Debug */,
				1B6323A621985DDB00901465 /* Release */,
			);
			defaultConfigurationIsVisible = 0;
			defaultConfigurationName = Release;
		};
		1B6323A721985DDB00901465 /* Build configuration list for PBXNativeTarget "GameSpriteKitUITests" */ = {
			isa = XCConfigurationList;
			buildConfigurations = (
				1B6323A821985DDB00901465 /* Debug */,
				1B6323A921985DDB00901465 /* Release */,
			);
			defaultConfigurationIsVisible = 0;
			defaultConfigurationName = Release;
		};
/* End XCConfigurationList section */
	};
	rootObject = 1B63236B21985DDA00901465 /* Project object */;
}
